
Microsoft Visual Studio Solution File, Format Version 12.00
# Visual Studio Version 17
VisualStudioVersion = 17.0.31903.59
MinimumVisualStudioVersion = 10.0.40219.1
Project("{2150E333-8FDC-42A3-9474-1A3956D46DE8}") = "src", "src", "{827E0CD3-B72D-47B6-A68D-7590B98EB39B}"
EndProject
Project("{FAE04EC0-301F-11D3-BF4B-00C04F79EFBC}") = "ResidentialConnect.Core", "src\ResidentialConnect.Core\ResidentialConnect.Core.csproj", "{1797E57D-5E2B-4085-A36E-3555F8F9188C}"
EndProject
Project("{FAE04EC0-301F-11D3-BF4B-00C04F79EFBC}") = "ResidentialConnect.Security", "src\ResidentialConnect.Security\ResidentialConnect.Security.csproj", "{BC0AE3BE-F146-4C0F-9B47-819398B4934B}"
EndProject
Project("{FAE04EC0-301F-11D3-BF4B-00C04F79EFBC}") = "ResidentialConnect.Proxy", "src\ResidentialConnect.Proxy\ResidentialConnect.Proxy.csproj", "{DBF72117-38CE-4FC4-9FE0-D7011EB162A4}"
EndProject
Project("{FAE04EC0-301F-11D3-BF4B-00C04F79EFBC}") = "ResidentialConnect.Routing", "src\ResidentialConnect.Routing\ResidentialConnect.Routing.csproj", "{19EBE630-0D35-459C-ADE7-42FDF79A0A18}"
EndProject
Project("{FAE04EC0-301F-11D3-BF4B-00C04F79EFBC}") = "ResidentialConnect.Browser", "src\ResidentialConnect.Browser\ResidentialConnect.Browser.csproj", "{F59AC856-F23B-4B18-9AF9-18979302EB3F}"
EndProject
Project("{FAE04EC0-301F-11D3-BF4B-00C04F79EFBC}") = "ResidentialConnect.Client", "src\ResidentialConnect.Client\ResidentialConnect.Client.csproj", "{846742E3-84CE-4442-BB2B-69245EEA1F1A}"
EndProject
Project("{2150E333-8FDC-42A3-9474-1A3956D46DE8}") = "tests", "tests", "{0AB3BF05-4346-4AA6-1389-037BE0695223}"
EndProject
Project("{FAE04EC0-301F-11D3-BF4B-00C04F79EFBC}") = "ResidentialConnect.Tests", "tests\ResidentialConnect.Tests\ResidentialConnect.Tests.csproj", "{5C439908-F4F9-486D-9CA6-020BFE0D0AF1}"
EndProject
Project("{2150E333-8FDC-42A3-9474-1A3956D46DE8}") = "tools", "tools", "{07C2787E-EAC7-C090-1BA3-A61EC2A24D84}"
EndProject
Project("{FAE04EC0-301F-11D3-BF4B-00C04F79EFBC}") = "ResidentialConnect.RoutingDiagnostic", "tools\ResidentialConnect.RoutingDiagnostic\ResidentialConnect.RoutingDiagnostic.csproj", "{7DB69DA2-CC0F-4540-B522-37633A110412}"
EndProject
Project("{FAE04EC0-301F-11D3-BF4B-00C04F79EFBC}") = "ResidentialConnect.StreamdumpParity", "tools\ResidentialConnect.StreamdumpParity\ResidentialConnect.StreamdumpParity.csproj", "{D082121F-1368-4892-94D8-4D59D8C81FE4}"
EndProject
Global
	GlobalSection(SolutionConfigurationPlatforms) = preSolution
		Debug|Any CPU = Debug|Any CPU
		Debug|x64 = Debug|x64
		Debug|x86 = Debug|x86
		Release|Any CPU = Release|Any CPU
		Release|x64 = Release|x64
		Release|x86 = Release|x86
	EndGlobalSection
	GlobalSection(ProjectConfigurationPlatforms) = postSolution
		{1797E57D-5E2B-4085-A36E-3555F8F9188C}.Debug|Any CPU.ActiveCfg = Debug|Any CPU
		{1797E57D-5E2B-4085-A36E-3555F8F9188C}.Debug|Any CPU.Build.0 = Debug|Any CPU
		{1797E57D-5E2B-4085-A36E-3555F8F9188C}.Debug|x64.ActiveCfg = Debug|Any CPU
		{1797E57D-5E2B-4085-A36E-3555F8F9188C}.Debug|x64.Build.0 = Debug|Any CPU
		{1797E57D-5E2B-4085-A36E-3555F8F9188C}.Debug|x86.ActiveCfg = Debug|Any CPU
		{1797E57D-5E2B-4085-A36E-3555F8F9188C}.Debug|x86.Build.0 = Debug|Any CPU
		{1797E57D-5E2B-4085-A36E-3555F8F9188C}.Release|Any CPU.ActiveCfg = Release|Any CPU
		{1797E57D-5E2B-4085-A36E-3555F8F9188C}.Release|Any CPU.Build.0 = Release|Any CPU
		{1797E57D-5E2B-4085-A36E-3555F8F9188C}.Release|x64.ActiveCfg = Release|Any CPU
		{1797E57D-5E2B-4085-A36E-3555F8F9188C}.Release|x64.Build.0 = Release|Any CPU
		{1797E57D-5E2B-4085-A36E-3555F8F9188C}.Release|x86.ActiveCfg = Release|Any CPU
		{1797E57D-5E2B-4085-A36E-3555F8F9188C}.Release|x86.Build.0 = Release|Any CPU
		{BC0AE3BE-F146-4C0F-9B47-819398B4934B}.Debug|Any CPU.ActiveCfg = Debug|Any CPU
		{BC0AE3BE-F146-4C0F-9B47-819398B4934B}.Debug|Any CPU.Build.0 = Debug|Any CPU
		{BC0AE3BE-F146-4C0F-9B47-819398B4934B}.Debug|x64.ActiveCfg = Debug|Any CPU
		{BC0AE3BE-F146-4C0F-9B47-819398B4934B}.Debug|x64.Build.0 = Debug|Any CPU
		{BC0AE3BE-F146-4C0F-9B47-819398B4934B}.Debug|x86.ActiveCfg = Debug|Any CPU
		{BC0AE3BE-F146-4C0F-9B47-819398B4934B}.Debug|x86.Build.0 = Debug|Any CPU
		{BC0AE3BE-F146-4C0F-9B47-819398B4934B}.Release|Any CPU.ActiveCfg = Release|Any CPU
		{BC0AE3BE-F146-4C0F-9B47-819398B4934B}.Release|Any CPU.Build.0 = Release|Any CPU
		{BC0AE3BE-F146-4C0F-9B47-819398B4934B}.Release|x64.ActiveCfg = Release|Any CPU
		{BC0AE3BE-F146-4C0F-9B47-819398B4934B}.Release|x64.Build.0 = Release|Any CPU
		{BC0AE3BE-F146-4C0F-9B47-819398B4934B}.Release|x86.ActiveCfg = Release|Any CPU
		{BC0AE3BE-F146-4C0F-9B47-819398B4934B}.Release|x86.Build.0 = Release|Any CPU
		{DBF72117-38CE-4FC4-9FE0-D7011EB162A4}.Debug|Any CPU.ActiveCfg = Debug|Any CPU
		{DBF72117-38CE-4FC4-9FE0-D7011EB162A4}.Debug|Any CPU.Build.0 = Debug|Any CPU
		{DBF72117-38CE-4FC4-9FE0-D7011EB162A4}.Debug|x64.ActiveCfg = Debug|Any CPU
		{DBF72117-38CE-4FC4-9FE0-D7011EB162A4}.Debug|x64.Build.0 = Debug|Any CPU
		{DBF72117-38CE-4FC4-9FE0-D7011EB162A4}.Debug|x86.ActiveCfg = Debug|Any CPU
		{DBF72117-38CE-4FC4-9FE0-D7011EB162A4}.Debug|x86.Build.0 = Debug|Any CPU
		{DBF72117-38CE-4FC4-9FE0-D7011EB162A4}.Release|Any CPU.ActiveCfg = Release|Any CPU
		{DBF72117-38CE-4FC4-9FE0-D7011EB162A4}.Release|Any CPU.Build.0 = Release|Any CPU
		{DBF72117-38CE-4FC4-9FE0-D7011EB162A4}.Release|x64.ActiveCfg = Release|Any CPU
		{DBF72117-38CE-4FC4-9FE0-D7011EB162A4}.Release|x64.Build.0 = Release|Any CPU
		{DBF72117-38CE-4FC4-9FE0-D7011EB162A4}.Release|x86.ActiveCfg = Release|Any CPU
		{DBF72117-38CE-4FC4-9FE0-D7011EB162A4}.Release|x86.Build.0 = Release|Any CPU
		{19EBE630-0D35-459C-ADE7-42FDF79A0A18}.Debug|Any CPU.ActiveCfg = Debug|Any CPU
		{19EBE630-0D35-459C-ADE7-42FDF79A0A18}.Debug|Any CPU.Build.0 = Debug|Any CPU
		{19EBE630-0D35-459C-ADE7-42FDF79A0A18}.Debug|x64.ActiveCfg = Debug|Any CPU
		{19EBE630-0D35-459C-ADE7-42FDF79A0A18}.Debug|x64.Build.0 = Debug|Any CPU
		{19EBE630-0D35-459C-ADE7-42FDF79A0A18}.Debug|x86.ActiveCfg = Debug|Any CPU
		{19EBE630-0D35-459C-ADE7-42FDF79A0A18}.Debug|x86.Build.0 = Debug|Any CPU
		{19EBE630-0D35-459C-ADE7-42FDF79A0A18}.Release|Any CPU.ActiveCfg = Release|Any CPU
		{19EBE630-0D35-459C-ADE7-42FDF79A0A18}.Release|Any CPU.Build.0 = Release|Any CPU
		{19EBE630-0D35-459C-ADE7-42FDF79A0A18}.Release|x64.ActiveCfg = Release|Any CPU
		{19EBE630-0D35-459C-ADE7-42FDF79A0A18}.Release|x64.Build.0 = Release|Any CPU
		{19EBE630-0D35-459C-ADE7-42FDF79A0A18}.Release|x86.ActiveCfg = Release|Any CPU
		{19EBE630-0D35-459C-ADE7-42FDF79A0A18}.Release|x86.Build.0 = Release|Any CPU
		{F59AC856-F23B-4B18-9AF9-18979302EB3F}.Debug|Any CPU.ActiveCfg = Debug|Any CPU
		{F59AC856-F23B-4B18-9AF9-18979302EB3F}.Debug|Any CPU.Build.0 = Debug|Any CPU
		{F59AC856-F23B-4B18-9AF9-18979302EB3F}.Debug|x64.ActiveCfg = Debug|Any CPU
		{F59AC856-F23B-4B18-9AF9-18979302EB3F}.Debug|x64.Build.0 = Debug|Any CPU
		{F59AC856-F23B-4B18-9AF9-18979302EB3F}.Debug|x86.ActiveCfg = Debug|Any CPU
		{F59AC856-F23B-4B18-9AF9-18979302EB3F}.Debug|x86.Build.0 = Debug|Any CPU
		{F59AC856-F23B-4B18-9AF9-18979302EB3F}.Release|Any CPU.ActiveCfg = Release|Any CPU
		{F59AC856-F23B-4B18-9AF9-18979302EB3F}.Release|Any CPU.Build.0 = Release|Any CPU
		{F59AC856-F23B-4B18-9AF9-18979302EB3F}.Release|x64.ActiveCfg = Release|Any CPU
		{F59AC856-F23B-4B18-9AF9-18979302EB3F}.Release|x64.Build.0 = Release|Any CPU
		{F59AC856-F23B-4B18-9AF9-18979302EB3F}.Release|x86.ActiveCfg = Release|Any CPU
		{F59AC856-F23B-4B18-9AF9-18979302EB3F}.Release|x86.Build.0 = Release|Any CPU
		{846742E3-84CE-4442-BB2B-69245EEA1F1A}.Debug|Any CPU.ActiveCfg = Debug|Any CPU
		{846742E3-84CE-4442-BB2B-69245EEA1F1A}.Debug|Any CPU.Build.0 = Debug|Any CPU
		{846742E3-84CE-4442-BB2B-69245EEA1F1A}.Debug|x64.ActiveCfg = Debug|Any CPU
		{846742E3-84CE-4442-BB2B-69245EEA1F1A}.Debug|x64.Build.0 = Debug|Any CPU
		{846742E3-84CE-4442-BB2B-69245EEA1F1A}.Debug|x86.ActiveCfg = Debug|Any CPU
		{846742E3-84CE-4442-BB2B-69245EEA1F1A}.Debug|x86.Build.0 = Debug|Any CPU
		{846742E3-84CE-4442-BB2B-69245EEA1F1A}.Release|Any CPU.ActiveCfg = Release|Any CPU
		{846742E3-84CE-4442-BB2B-69245EEA1F1A}.Release|Any CPU.Build.0 = Release|Any CPU
		{846742E3-84CE-4442-BB2B-69245EEA1F1A}.Release|x64.ActiveCfg = Release|Any CPU
		{846742E3-84CE-4442-BB2B-69245EEA1F1A}.Release|x64.Build.0 = Release|Any CPU
		{846742E3-84CE-4442-BB2B-69245EEA1F1A}.Release|x86.ActiveCfg = Release|Any CPU
		{846742E3-84CE-4442-BB2B-69245EEA1F1A}.Release|x86.Build.0 = Release|Any CPU
		{5C439908-F4F9-486D-9CA6-020BFE0D0AF1}.Debug|Any CPU.ActiveCfg = Debug|Any CPU
		{5C439908-F4F9-486D-9CA6-020BFE0D0AF1}.Debug|Any CPU.Build.0 = Debug|Any CPU
		{5C439908-F4F9-486D-9CA6-020BFE0D0AF1}.Debug|x64.ActiveCfg = Debug|Any CPU
		{5C439908-F4F9-486D-9CA6-020BFE0D0AF1}.Debug|x64.Build.0 = Debug|Any CPU
		{5C439908-F4F9-486D-9CA6-020BFE0D0AF1}.Debug|x86.ActiveCfg = Debug|Any CPU
		{5C439908-F4F9-486D-9CA6-020BFE0D0AF1}.Debug|x86.Build.0 = Debug|Any CPU
		{5C439908-F4F9-486D-9CA6-020BFE0D0AF1}.Release|Any CPU.ActiveCfg = Release|Any CPU
		{5C439908-F4F9-486D-9CA6-020BFE0D0AF1}.Release|Any CPU.Build.0 = Release|Any CPU
		{5C439908-F4F9-486D-9CA6-020BFE0D0AF1}.Release|x64.ActiveCfg = Release|Any CPU
		{5C439908-F4F9-486D-9CA6-020BFE0D0AF1}.Release|x64.Build.0 = Release|Any CPU
		{5C439908-F4F9-486D-9CA6-020BFE0D0AF1}.Release|x86.ActiveCfg = Release|Any CPU
		{5C439908-F4F9-486D-9CA6-020BFE0D0AF1}.Release|x86.Build.0 = Release|Any CPU
		{7DB69DA2-CC0F-4540-B522-37633A110412}.Debug|Any CPU.ActiveCfg = Debug|Any CPU
		{7DB69DA2-CC0F-4540-B522-37633A110412}.Debug|Any CPU.Build.0 = Debug|Any CPU
		{7DB69DA2-CC0F-4540-B522-37633A110412}.Debug|x64.ActiveCfg = Debug|Any CPU
		{7DB69DA2-CC0F-4540-B522-37633A110412}.Debug|x64.Build.0 = Debug|Any CPU
		{7DB69DA2-CC0F-4540-B522-37633A110412}.Debug|x86.ActiveCfg = Debug|Any CPU
		{7DB69DA2-CC0F-4540-B522-37633A110412}.Debug|x86.Build.0 = Debug|Any CPU
		{7DB69DA2-CC0F-4540-B522-37633A110412}.Release|Any CPU.ActiveCfg = Release|Any CPU
		{7DB69DA2-CC0F-4540-B522-37633A110412}.Release|Any CPU.Build.0 = Release|Any CPU
		{7DB69DA2-CC0F-4540-B522-37633A110412}.Release|x64.ActiveCfg = Release|Any CPU
		{7DB69DA2-CC0F-4540-B522-37633A110412}.Release|x64.Build.0 = Release|Any CPU
		{7DB69DA2-CC0F-4540-B522-37633A110412}.Release|x86.ActiveCfg = Release|Any CPU
		{7DB69DA2-CC0F-4540-B522-37633A110412}.Release|x86.Build.0 = Release|Any CPU
		{D082121F-1368-4892-94D8-4D59D8C81FE4}.Debug|Any CPU.ActiveCfg = Debug|Any CPU
		{D082121F-1368-4892-94D8-4D59D8C81FE4}.Debug|Any CPU.Build.0 = Debug|Any CPU
		{D082121F-1368-4892-94D8-4D59D8C81FE4}.Debug|x64.ActiveCfg = Debug|Any CPU
		{D082121F-1368-4892-94D8-4D59D8C81FE4}.Debug|x64.Build.0 = Debug|Any CPU
		{D082121F-1368-4892-94D8-4D59D8C81FE4}.Debug|x86.ActiveCfg = Debug|Any CPU
		{D082121F-1368-4892-94D8-4D59D8C81FE4}.Debug|x86.Build.0 = Debug|Any CPU
		{D082121F-1368-4892-94D8-4D59D8C81FE4}.Release|Any CPU.ActiveCfg = Release|Any CPU
		{D082121F-1368-4892-94D8-4D59D8C81FE4}.Release|Any CPU.Build.0 = Release|Any CPU
		{D082121F-1368-4892-94D8-4D59D8C81FE4}.Release|x64.ActiveCfg = Release|Any CPU
		{D082121F-1368-4892-94D8-4D59D8C81FE4}.Release|x64.Build.0 = Release|Any CPU
		{D082121F-1368-4892-94D8-4D59D8C81FE4}.Release|x86.ActiveCfg = Release|Any CPU
		{D082121F-1368-4892-94D8-4D59D8C81FE4}.Release|x86.Build.0 = Release|Any CPU
	EndGlobalSection
	GlobalSection(SolutionProperties) = preSolution
		HideSolutionNode = FALSE
	EndGlobalSection
	GlobalSection(NestedProjects) = preSolution
		{1797E57D-5E2B-4085-A36E-3555F8F9188C} = {827E0CD3-B72D-47B6-A68D-7590B98EB39B}
		{BC0AE3BE-F146-4C0F-9B47-819398B4934B} = {827E0CD3-B72D-47B6-A68D-7590B98EB39B}
		{DBF72117-38CE-4FC4-9FE0-D7011EB162A4} = {827E0CD3-B72D-47B6-A68D-7590B98EB39B}
		{19EBE630-0D35-459C-ADE7-42FDF79A0A18} = {827E0CD3-B72D-47B6-A68D-7590B98EB39B}
		{F59AC856-F23B-4B18-9AF9-18979302EB3F} = {827E0CD3-B72D-47B6-A68D-7590B98EB39B}
		{846742E3-84CE-4442-BB2B-69245EEA1F1A} = {827E0CD3-B72D-47B6-A68D-7590B98EB39B}
		{5C439908-F4F9-486D-9CA6-020BFE0D0AF1} = {0AB3BF05-4346-4AA6-1389-037BE0695223}
		{7DB69DA2-CC0F-4540-B522-37633A110412} = {07C2787E-EAC7-C090-1BA3-A61EC2A24D84}
		{D082121F-1368-4892-94D8-4D59D8C81FE4} = {07C2787E-EAC7-C090-1BA3-A61EC2A24D84}
	EndGlobalSection
EndGlobal
